
Microsoft Visual Studio Solution File, Format Version 12.00
# Visual Studio Version 17
VisualStudioVersion = 17.5.33318.248
MinimumVisualStudioVersion = 10.0.40219.1
Project("{FAE04EC0-301F-11D3-BF4B-00C04F79EFBC}") = "LibCLCC.NET", "LibCLCC.NET\LibCLCC.NET.csproj", "{3A1BFADA-EC33-4631-BA4C-6AF26D0C7F1D}"
EndProject
Project("{2150E333-8FDC-42A3-9474-1A3956D46DE8}") = "Solution Items", "Solution Items", "{42B29547-6273-4284-8C41-22E80A4C9935}"
	ProjectSection(SolutionItems) = preProject
		LICENSE.txt = LICENSE.txt
	EndProjectSection
EndProject
Global
	GlobalSection(SolutionConfigurationPlatforms) = preSolution
		Debug|Any CPU = Debug|Any CPU
		Release|Any CPU = Release|Any CPU
	EndGlobalSection
	GlobalSection(ProjectConfigurationPlatforms) = postSolution
		{3A1BFADA-EC33-4631-BA4C-6AF26D0C7F1D}.Debug|Any CPU.ActiveCfg = Debug|Any CPU
		{3A1BFADA-EC33-4631-BA4C-6AF26D0C7F1D}.Debug|Any CPU.Build.0 = Debug|Any CPU
		{3A1BFADA-EC33-4631-BA4C-6AF26D0C7F1D}.Release|Any CPU.ActiveCfg = Release|Any CPU
		{3A1BFADA-EC33-4631-BA4C-6AF26D0C7F1D}.Release|Any CPU.Build.0 = Release|Any CPU
	EndGlobalSection
	GlobalSection(SolutionProperties) = preSolution
		HideSolutionNode = FALSE
	EndGlobalSection
	GlobalSection(ExtensibilityGlobals) = postSolution
		SolutionGuid = {5112B950-4015-49CB-9FA3-3AAED44CD6E9}
	EndGlobalSection
EndGlobal
